
Microsoft Visual Studio Solution File, Format Version 12.00
# Visual Studio Version 16
VisualStudioVersion = 16.0.29318.209
MinimumVisualStudioVersion = 10.0.40219.1
Project("{8BC9CEB8-8B4A-11D0-8D11-00A0C91BC942}") = "CPP_DataStructure", "CPP_DataStructure\CPP_DataStructure.vcxproj", "{BB74756B-A880-4DD3-946F-A94FA7AC8844}"
EndProject
Global
	GlobalSection(SolutionConfigurationPlatforms) = preSolution
		Debug|x64 = Debug|x64
		Debug|x86 = Debug|x86
		Release|x64 = Release|x64
		Release|x86 = Release|x86
	EndGlobalSection
	GlobalSection(ProjectConfigurationPlatforms) = postSolution
		{BB74756B-A880-4DD3-946F-A94FA7AC8844}.Debug|x64.ActiveCfg = Debug|x64
		{BB74756B-A880-4DD3-946F-A94FA7AC8844}.Debug|x64.Build.0 = Debug|x64
		{BB74756B-A880-4DD3-946F-A94FA7AC8844}.Debug|x86.ActiveCfg = Debug|Win32
		{BB74756B-A880-4DD3-946F-A94FA7AC8844}.Debug|x86.Build.0 = Debug|Win32
		{BB74756B-A880-4DD3-946F-A94FA7AC8844}.Release|x64.ActiveCfg = Release|x64
		{BB74756B-A880-4DD3-946F-A94FA7AC8844}.Release|x64.Build.0 = Release|x64
		{BB74756B-A880-4DD3-946F-A94FA7AC8844}.Release|x86.ActiveCfg = Release|Win32
		{BB74756B-A880-4DD3-946F-A94FA7AC8844}.Release|x86.Build.0 = Release|Win32
	EndGlobalSection
	GlobalSection(SolutionProperties) = preSolution
		HideSolutionNode = FALSE
	EndGlobalSection
	GlobalSection(ExtensibilityGlobals) = postSolution
		SolutionGuid = {57B08A73-2D52-4EAE-B3D0-B3CD23F63ECF}
	EndGlobalSection
EndGlobal
